// !$*UTF8*$!
{
	archiveVersion = 1;
	classes = {
	};
	objectVersion = 56;
	objects = {

/* Begin PBXBuildFile section */
		528F5F6B2C6E711200A75A84 /* AppDelegate.swift in Sources */ = {isa = PBXBuildFile; fileRef = 528F5F6A2C6E711200A75A84 /* AppDelegate.swift */; };
		528F5F6D2C6E711200A75A84 /* SceneDelegate.swift in Sources */ = {isa = PBXBuildFile; fileRef = 528F5F6C2C6E711200A75A84 /* SceneDelegate.swift */; };
		528F5F6F2C6E711200A75A84 /* ViewController.swift in Sources */ = {isa = PBXBuildFile; fileRef = 528F5F6E2C6E711200A75A84 /* ViewController.swift */; };
		528F5F722C6E711200A75A84 /* Base in Resources */ = {isa = PBXBuildFile; fileRef = 528F5F712C6E711200A75A84 /* Base */; };
		528F5F742C6E711400A75A84 /* Assets.xcassets in Resources */ = {isa = PBXBuildFile; fileRef = 528F5F732C6E711400A75A84 /* Assets.xcassets */; };
		528F5F772C6E711400A75A84 /* Base in Resources */ = {isa = PBXBuildFile; fileRef = 528F5F762C6E711400A75A84 /* Base */; };
		528F5F822C6E711400A75A84 /* ArticlesListTests.swift in Sources */ = {isa = PBXBuildFile; fileRef = 528F5F812C6E711400A75A84 /* ArticlesListTests.swift */; };
		528F5F8C2C6E711400A75A84 /* ArticlesListUITests.swift in Sources */ = {isa = PBXBuildFile; fileRef = 528F5F8B2C6E711400A75A84 /* ArticlesListUITests.swift */; };
		528F5F8E2C6E711400A75A84 /* ArticlesListUITestsLaunchTests.swift in Sources */ = {isa = PBXBuildFile; fileRef = 528F5F8D2C6E711400A75A84 /* ArticlesListUITestsLaunchTests.swift */; };
/* End PBXBuildFile section */

/* Begin PBXContainerItemProxy section */
		528F5F7E2C6E711400A75A84 /* PBXContainerItemProxy */ = {
			isa = PBXContainerItemProxy;
			containerPortal = 528F5F5F2C6E711200A75A84 /* Project object */;
			proxyType = 1;
			remoteGlobalIDString = 528F5F662C6E711200A75A84;
			remoteInfo = ArticlesList;
		};
		528F5F882C6E711400A75A84 /* PBXContainerItemProxy */ = {
			isa = PBXContainerItemProxy;
			containerPortal = 528F5F5F2C6E711200A75A84 /* Project object */;
			proxyType = 1;
			remoteGlobalIDString = 528F5F662C6E711200A75A84;
			remoteInfo = ArticlesList;
		};
/* End PBXContainerItemProxy section */

/* Begin PBXFileReference section */
		528F5F672C6E711200A75A84 /* ArticlesList.app */ = {isa = PBXFileReference; explicitFileType = wrapper.application; includeInIndex = 0; path = ArticlesList.app; sourceTree = BUILT_PRODUCTS_DIR; };
		528F5F6A2C6E711200A75A84 /* AppDelegate.swift */ = {isa = PBXFileReference; lastKnownFileType = sourcecode.swift; path = AppDelegate.swift; sourceTree = "<group>"; };
		528F5F6C2C6E711200A75A84 /* SceneDelegate.swift */ = {isa = PBXFileReference; lastKnownFileType = sourcecode.swift; path = SceneDelegate.swift; sourceTree = "<group>"; };
		528F5F6E2C6E711200A75A84 /* ViewController.swift */ = {isa = PBXFileReference; lastKnownFileType = sourcecode.swift; path = ViewController.swift; sourceTree = "<group>"; };
		528F5F712C6E711200A75A84 /* Base */ = {isa = PBXFileReference; lastKnownFileType = file.storyboard; name = Base; path = Base.lproj/Main.storyboard; sourceTree = "<group>"; };
		528F5F732C6E711400A75A84 /* Assets.xcassets */ = {isa = PBXFileReference; lastKnownFileType = folder.assetcatalog; path = Assets.xcassets; sourceTree = "<group>"; };
		528F5F762C6E711400A75A84 /* Base */ = {isa = PBXFileReference; lastKnownFileType = file.storyboard; name = Base; path = Base.lproj/LaunchScreen.storyboard; sourceTree = "<group>"; };
		528F5F782C6E711400A75A84 /* Info.plist */ = {isa = PBXFileReference; lastKnownFileType = text.plist.xml; path = Info.plist; sourceTree = "<group>"; };
		528F5F7D2C6E711400A75A84 /* ArticlesListTests.xctest */ = {isa = PBXFileReference; explicitFileType = wrapper.cfbundle; includeInIndex = 0; path = ArticlesListTests.xctest; sourceTree = BUILT_PRODUCTS_DIR; };
		528F5F812C6E711400A75A84 /* ArticlesListTests.swift */ = {isa = PBXFileReference; lastKnownFileType = sourcecode.swift; path = ArticlesListTests.swift; sourceTree = "<group>"; };
		528F5F872C6E711400A75A84 /* ArticlesListUITests.xctest */ = {isa = PBXFileReference; explicitFileType = wrapper.cfbundle; includeInIndex = 0; path = ArticlesListUITests.xctest; sourceTree = BUILT_PRODUCTS_DIR; };
		528F5F8B2C6E711400A75A84 /* ArticlesListUITests.swift */ = {isa = PBXFileReference; lastKnownFileType = sourcecode.swift; path = ArticlesListUITests.swift; sourceTree = "<group>"; };
		528F5F8D2C6E711400A75A84 /* ArticlesListUITestsLaunchTests.swift */ = {isa = PBXFileReference; lastKnownFileType = sourcecode.swift; path = ArticlesListUITestsLaunchTests.swift; sourceTree = "<group>"; };
/* End PBXFileReference section */

/* Begin PBXFrameworksBuildPhase section */
		528F5F642C6E711200A75A84 /* Frameworks */ = {
			isa = PBXFrameworksBuildPhase;
			buildActionMask = 2147483647;
			files = (
			);
			runOnlyForDeploymentPostprocessing = 0;
		};
		528F5F7A2C6E711400A75A84 /* Frameworks */ = {
			isa = PBXFrameworksBuildPhase;
			buildActionMask = 2147483647;
			files = (
			);
			runOnlyForDeploymentPostprocessing = 0;
		};
		528F5F842C6E711400A75A84 /* Frameworks */ = {
			isa = PBXFrameworksBuildPhase;
			buildActionMask = 2147483647;
			files = (
			);
			runOnlyForDeploymentPostprocessing = 0;
		};
/* End PBXFrameworksBuildPhase section */

/* Begin PBXGroup section */
		528F5F5E2C6E711200A75A84 = {
			isa = PBXGroup;
			children = (
				528F5F692C6E711200A75A84 /* ArticlesList */,
				528F5F802C6E711400A75A84 /* ArticlesListTests */,
				528F5F8A2C6E711400A75A84 /* ArticlesListUITests */,
				528F5F682C6E711200A75A84 /* Products */,
			);
			sourceTree = "<group>";
		};
		528F5F682C6E711200A75A84 /* Products */ = {
			isa = PBXGroup;
			children = (
				528F5F672C6E711200A75A84 /* ArticlesList.app */,
				528F5F7D2C6E711400A75A84 /* ArticlesListTests.xctest */,
				528F5F872C6E711400A75A84 /* ArticlesListUITests.xctest */,
			);
			name = Products;
			sourceTree = "<group>";
		};
		528F5F692C6E711200A75A84 /* ArticlesList */ = {
			isa = PBXGroup;
			children = (
				528F5F6A2C6E711200A75A84 /* AppDelegate.swift */,
				528F5F6C2C6E711200A75A84 /* SceneDelegate.swift */,
				528F5F6E2C6E711200A75A84 /* ViewController.swift */,
				528F5F702C6E711200A75A84 /* Main.storyboard */,
				528F5F732C6E711400A75A84 /* Assets.xcassets */,
				528F5F752C6E711400A75A84 /* LaunchScreen.storyboard */,
				528F5F782C6E711400A75A84 /* Info.plist */,
			);
			path = ArticlesList;
			sourceTree = "<group>";
		};
		528F5F802C6E711400A75A84 /* ArticlesListTests */ = {
			isa = PBXGroup;
			children = (
				528F5F812C6E711400A75A84 /* ArticlesListTests.swift */,
			);
			path = ArticlesListTests;
			sourceTree = "<group>";
		};
		528F5F8A2C6E711400A75A84 /* ArticlesListUITests */ = {
			isa = PBXGroup;
			children = (
				528F5F8B2C6E711400A75A84 /* ArticlesListUITests.swift */,
				528F5F8D2C6E711400A75A84 /* ArticlesListUITestsLaunchTests.swift */,
			);
			path = ArticlesListUITests;
			sourceTree = "<group>";
		};
/* End PBXGroup section */

/* Begin PBXNativeTarget section */
		528F5F662C6E711200A75A84 /* ArticlesList */ = {
			isa = PBXNativeTarget;
			buildConfigurationList = 528F5F912C6E711400A75A84 /* Build configuration list for PBXNativeTarget "ArticlesList" */;
			buildPhases = (
				528F5F632C6E711200A75A84 /* Sources */,
				528F5F642C6E711200A75A84 /* Frameworks */,
				528F5F652C6E711200A75A84 /* Resources */,
			);
			buildRules = (
			);
			dependencies = (
			);
			name = ArticlesList;
			productName = ArticlesList;
			productReference = 528F5F672C6E711200A75A84 /* ArticlesList.app */;
			productType = "com.apple.product-type.application";
		};
		528F5F7C2C6E711400A75A84 /* ArticlesListTests */ = {
			isa = PBXNativeTarget;
			buildConfigurationList = 528F5F942C6E711400A75A84 /* Build configuration list for PBXNativeTarget "ArticlesListTests" */;
			buildPhases = (
				528F5F792C6E711400A75A84 /* Sources */,
				528F5F7A2C6E711400A75A84 /* Frameworks */,
				528F5F7B2C6E711400A75A84 /* Resources */,
			);
			buildRules = (
			);
			dependencies = (
				528F5F7F2C6E711400A75A84 /* PBXTargetDependency */,
			);
			name = ArticlesListTests;
			productName = ArticlesListTests;
			productReference = 528F5F7D2C6E711400A75A84 /* ArticlesListTests.xctest */;
			productType = "com.apple.product-type.bundle.unit-test";
		};
		528F5F862C6E711400A75A84 /* ArticlesListUITests */ = {
			isa = PBXNativeTarget;
			buildConfigurationList = 528F5F972C6E711400A75A84 /* Build configuration list for PBXNativeTarget "ArticlesListUITests" */;
			buildPhases = (
				528F5F832C6E711400A75A84 /* Sources */,
				528F5F842C6E711400A75A84 /* Frameworks */,
				528F5F852C6E711400A75A84 /* Resources */,
			);
			buildRules = (
			);
			dependencies = (
				528F5F892C6E711400A75A84 /* PBXTargetDependency */,
			);
			name = ArticlesListUITests;
			productName = ArticlesListUITests;
			productReference = 528F5F872C6E711400A75A84 /* ArticlesListUITests.xctest */;
			productType = "com.apple.product-type.bundle.ui-testing";
		};
/* End PBXNativeTarget section */

/* Begin PBXProject section */
		528F5F5F2C6E711200A75A84 /* Project object */ = {
			isa = PBXProject;
			attributes = {
				BuildIndependentTargetsInParallel = 1;
				LastSwiftUpdateCheck = 1530;
				LastUpgradeCheck = 1530;
				TargetAttributes = {
					528F5F662C6E711200A75A84 = {
						CreatedOnToolsVersion = 15.3;
					};
					528F5F7C2C6E711400A75A84 = {
						CreatedOnToolsVersion = 15.3;
						TestTargetID = 528F5F662C6E711200A75A84;
					};
					528F5F862C6E711400A75A84 = {
						CreatedOnToolsVersion = 15.3;
						TestTargetID = 528F5F662C6E711200A75A84;
					};
				};
			};
			buildConfigurationList = 528F5F622C6E711200A75A84 /* Build configuration list for PBXProject "ArticlesList" */;
			compatibilityVersion = "Xcode 14.0";
			developmentRegion = en;
			hasScannedForEncodings = 0;
			knownRegions = (
				en,
				Base,
			);
			mainGroup = 528F5F5E2C6E711200A75A84;
			productRefGroup = 528F5F682C6E711200A75A84 /* Products */;
			projectDirPath = "";
			projectRoot = "";
			targets = (
				528F5F662C6E711200A75A84 /* ArticlesList */,
				528F5F7C2C6E711400A75A84 /* ArticlesListTests */,
				528F5F862C6E711400A75A84 /* ArticlesListUITests */,
			);
		};
/* End PBXProject section */

/* Begin PBXResourcesBuildPhase section */
		528F5F652C6E711200A75A84 /* Resources */ = {
			isa = PBXResourcesBuildPhase;
			buildActionMask = 2147483647;
			files = (
				528F5F742C6E711400A75A84 /* Assets.xcassets in Resources */,
				528F5F772C6E711400A75A84 /* Base in Resources */,
				528F5F722C6E711200A75A84 /* Base in Resources */,
			);
			runOnlyForDeploymentPostprocessing = 0;
		};
		528F5F7B2C6E711400A75A84 /* Resources */ = {
			isa = PBXResourcesBuildPhase;
			buildActionMask = 2147483647;
			files = (
			);
			runOnlyForDeploymentPostprocessing = 0;
		};
		528F5F852C6E711400A75A84 /* Resources */ = {
			isa = PBXResourcesBuildPhase;
			buildActionMask = 2147483647;
			files = (
			);
			runOnlyForDeploymentPostprocessing = 0;
		};
/* End PBXResourcesBuildPhase section */

/* Begin PBXSourcesBuildPhase section */
		528F5F632C6E711200A75A84 /* Sources */ = {
			isa = PBXSourcesBuildPhase;
			buildActionMask = 2147483647;
			files = (
				528F5F6F2C6E711200A75A84 /* ViewController.swift in Sources */,
				528F5F6B2C6E711200A75A84 /* AppDelegate.swift in Sources */,
				528F5F6D2C6E711200A75A84 /* SceneDelegate.swift in Sources */,
			);
			runOnlyForDeploymentPostprocessing = 0;
		};
		528F5F792C6E711400A75A84 /* Sources */ = {
			isa = PBXSourcesBuildPhase;
			buildActionMask = 2147483647;
			files = (
				528F5F822C6E711400A75A84 /* ArticlesListTests.swift in Sources */,
			);
			runOnlyForDeploymentPostprocessing = 0;
		};
		528F5F832C6E711400A75A84 /* Sources */ = {
			isa = PBXSourcesBuildPhase;
			buildActionMask = 2147483647;
			files = (
				528F5F8C2C6E711400A75A84 /* ArticlesListUITests.swift in Sources */,
				528F5F8E2C6E711400A75A84 /* ArticlesListUITestsLaunchTests.swift in Sources */,
			);
			runOnlyForDeploymentPostprocessing = 0;
		};
/* End PBXSourcesBuildPhase section */

/* Begin PBXTargetDependency section */
		528F5F7F2C6E711400A75A84 /* PBXTargetDependency */ = {
			isa = PBXTargetDependency;
			target = 528F5F662C6E711200A75A84 /* ArticlesList */;
			targetProxy = 528F5F7E2C6E711400A75A84 /* PBXContainerItemProxy */;
		};
		528F5F892C6E711400A75A84 /* PBXTargetDependency */ = {
			isa = PBXTargetDependency;
			target = 528F5F662C6E711200A75A84 /* ArticlesList */;
			targetProxy = 528F5F882C6E711400A75A84 /* PBXContainerItemProxy */;
		};
/* End PBXTargetDependency section */

/* Begin PBXVariantGroup section */
		528F5F702C6E711200A75A84 /* Main.storyboard */ = {
			isa = PBXVariantGroup;
			children = (
				528F5F712C6E711200A75A84 /* Base */,
			);
			name = Main.storyboard;
			sourceTree = "<group>";
		};
		528F5F752C6E711400A75A84 /* LaunchScreen.storyboard */ = {
			isa = PBXVariantGroup;
			children = (
				528F5F762C6E711400A75A84 /* Base */,
			);
			name = LaunchScreen.storyboard;
			sourceTree = "<group>";
		};
/* End PBXVariantGroup section */

/* Begin XCBuildConfiguration section */
		528F5F8F2C6E711400A75A84 /* Debug */ = {
			isa = XCBuildConfiguration;
			buildSettings = {
				ALWAYS_SEARCH_USER_PATHS = NO;
				ASSETCATALOG_COMPILER_GENERATE_SWIFT_ASSET_SYMBOL_EXTENSIONS = YES;
				CLANG_ANALYZER_NONNULL = YES;
				CLANG_ANALYZER_NUMBER_OBJECT_CONVERSION = YES_AGGRESSIVE;
				CLANG_CXX_LANGUAGE_STANDARD = "gnu++20";
				CLANG_ENABLE_MODULES = YES;
				CLANG_ENABLE_OBJC_ARC = YES;
				CLANG_ENABLE_OBJC_WEAK = YES;
				CLANG_WARN_BLOCK_CAPTURE_AUTORELEASING = YES;
				CLANG_WARN_BOOL_CONVERSION = YES;
				CLANG_WARN_COMMA = YES;
				CLANG_WARN_CONSTANT_CONVERSION = YES;
				CLANG_WARN_DEPRECATED_OBJC_IMPLEMENTATIONS = YES;
				CLANG_WARN_DIRECT_OBJC_ISA_USAGE = YES_ERROR;
				CLANG_WARN_DOCUMENTATION_COMMENTS = YES;
				CLANG_WARN_EMPTY_BODY = YES;
				CLANG_WARN_ENUM_CONVERSION = YES;
				CLANG_WARN_INFINITE_RECURSION = YES;
				CLANG_WARN_INT_CONVERSION = YES;
				CLANG_WARN_NON_LITERAL_NULL_CONVERSION = YES;
				CLANG_WARN_OBJC_IMPLICIT_RETAIN_SELF = YES;
				CLANG_WARN_OBJC_LITERAL_CONVERSION = YES;
				CLANG_WARN_OBJC_ROOT_CLASS = YES_ERROR;
				CLANG_WARN_QUOTED_INCLUDE_IN_FRAMEWORK_HEADER = YES;
				CLANG_WARN_RANGE_LOOP_ANALYSIS = YES;
				CLANG_WARN_STRICT_PROTOTYPES = YES;
				CLANG_WARN_SUSPICIOUS_MOVE = YES;
				CLANG_WARN_UNGUARDED_AVAILABILITY = YES_AGGRESSIVE;
				CLANG_WARN_UNREACHABLE_CODE = YES;
				CLANG_WARN__DUPLICATE_METHOD_MATCH = YES;
				COPY_PHASE_STRIP = NO;
				DEBUG_INFORMATION_FORMAT = dwarf;
				ENABLE_STRICT_OBJC_MSGSEND = YES;
				ENABLE_TESTABILITY = YES;
				ENABLE_USER_SCRIPT_SANDBOXING = YES;
				GCC_C_LANGUAGE_STANDARD = gnu17;
				GCC_DYNAMIC_NO_PIC = NO;
				GCC_NO_COMMON_BLOCKS = YES;
				GCC_OPTIMIZATION_LEVEL = 0;
				GCC_PREPROCESSOR_DEFINITIONS = (
					"DEBUG=1",
					"$(inherited)",
				);
				GCC_WARN_64_TO_32_BIT_CONVERSION = YES;
				GCC_WARN_ABOUT_RETURN_TYPE = YES_ERROR;
				GCC_WARN_UNDECLARED_SELECTOR = YES;
				GCC_WARN_UNINITIALIZED_AUTOS = YES_AGGRESSIVE;
				GCC_WARN_UNUSED_FUNCTION = YES;
				GCC_WARN_UNUSED_VARIABLE = YES;
				IPHONEOS_DEPLOYMENT_TARGET = 17.4;
				LOCALIZATION_PREFERS_STRING_CATALOGS = YES;
				MTL_ENABLE_DEBUG_INFO = INCLUDE_SOURCE;
				MTL_FAST_MATH = YES;
				ONLY_ACTIVE_ARCH = YES;
				SDKROOT = iphoneos;
				SWIFT_ACTIVE_COMPILATION_CONDITIONS = "DEBUG $(inherited)";
				SWIFT_OPTIMIZATION_LEVEL = "-Onone";
			};
			name = Debug;
		};
		528F5F902C6E711400A75A84 /* Release */ = {
			isa = XCBuildConfiguration;
			buildSettings = {
				ALWAYS_SEARCH_USER_PATHS = NO;
				ASSETCATALOG_COMPILER_GENERATE_SWIFT_ASSET_SYMBOL_EXTENSIONS = YES;
				CLANG_ANALYZER_NONNULL = YES;
				CLANG_ANALYZER_NUMBER_OBJECT_CONVERSION = YES_AGGRESSIVE;
				CLANG_CXX_LANGUAGE_STANDARD = "gnu++20";
				CLANG_ENABLE_MODULES = YES;
				CLANG_ENABLE_OBJC_ARC = YES;
				CLANG_ENABLE_OBJC_WEAK = YES;
				CLANG_WARN_BLOCK_CAPTURE_AUTORELEASING = YES;
				CLANG_WARN_BOOL_CONVERSION = YES;
				CLANG_WARN_COMMA = YES;
				CLANG_WARN_CONSTANT_CONVERSION = YES;
				CLANG_WARN_DEPRECATED_OBJC_IMPLEMENTATIONS = YES;
				CLANG_WARN_DIRECT_OBJC_ISA_USAGE = YES_ERROR;
				CLANG_WARN_DOCUMENTATION_COMMENTS = YES;
				CLANG_WARN_EMPTY_BODY = YES;
				CLANG_WARN_ENUM_CONVERSION = YES;
				CLANG_WARN_INFINITE_RECURSION = YES;
				CLANG_WARN_INT_CONVERSION = YES;
				CLANG_WARN_NON_LITERAL_NULL_CONVERSION = YES;
				CLANG_WARN_OBJC_IMPLICIT_RETAIN_SELF = YES;
				CLANG_WARN_OBJC_LITERAL_CONVERSION = YES;
				CLANG_WARN_OBJC_ROOT_CLASS = YES_ERROR;
				CLANG_WARN_QUOTED_INCLUDE_IN_FRAMEWORK_HEADER = YES;
				CLANG_WARN_RANGE_LOOP_ANALYSIS = YES;
				CLANG_WARN_STRICT_PROTOTYPES = YES;
				CLANG_WARN_SUSPICIOUS_MOVE = YES;
				CLANG_WARN_UNGUARDED_AVAILABILITY = YES_AGGRESSIVE;
				CLANG_WARN_UNREACHABLE_CODE = YES;
				CLANG_WARN__DUPLICATE_METHOD_MATCH = YES;
				COPY_PHASE_STRIP = NO;
				DEBUG_INFORMATION_FORMAT = "dwarf-with-dsym";
				ENABLE_NS_ASSERTIONS = NO;
				ENABLE_STRICT_OBJC_MSGSEND = YES;
				ENABLE_USER_SCRIPT_SANDBOXING = YES;
				GCC_C_LANGUAGE_STANDARD = gnu17;
				GCC_NO_COMMON_BLOCKS = YES;
				GCC_WARN_64_TO_32_BIT_CONVERSION = YES;
				GCC_WARN_ABOUT_RETURN_TYPE = YES_ERROR;
				GCC_WARN_UNDECLARED_SELECTOR = YES;
				GCC_WARN_UNINITIALIZED_AUTOS = YES_AGGRESSIVE;
				GCC_WARN_UNUSED_FUNCTION = YES;
				GCC_WARN_UNUSED_VARIABLE = YES;
				IPHONEOS_DEPLOYMENT_TARGET = 17.4;
				LOCALIZATION_PREFERS_STRING_CATALOGS = YES;
				MTL_ENABLE_DEBUG_INFO = NO;
				MTL_FAST_MATH = YES;
				SDKROOT = iphoneos;
				SWIFT_COMPILATION_MODE = wholemodule;
				VALIDATE_PRODUCT = YES;
			};
			name = Release;
		};
		528F5F922C6E711400A75A84 /* Debug */ = {
			isa = XCBuildConfiguration;
			buildSettings = {
				ASSETCATALOG_COMPILER_APPICON_NAME = AppIcon;
				ASSETCATALOG_COMPILER_GLOBAL_ACCENT_COLOR_NAME = AccentColor;
				CODE_SIGN_STYLE = Automatic;
				CURRENT_PROJECT_VERSION = 1;
				GENERATE_INFOPLIST_FILE = YES;
				INFOPLIST_FILE = ArticlesList/Info.plist;
				INFOPLIST_KEY_UIApplicationSupportsIndirectInputEvents = YES;
				INFOPLIST_KEY_UILaunchStoryboardName = LaunchScreen;
				INFOPLIST_KEY_UIMainStoryboardFile = Main;
				INFOPLIST_KEY_UISupportedInterfaceOrientations_iPad = "UIInterfaceOrientationPortrait UIInterfaceOrientationPortraitUpsideDown UIInterfaceOrientationLandscapeLeft UIInterfaceOrientationLandscapeRight";
				INFOPLIST_KEY_UISupportedInterfaceOrientations_iPhone = "UIInterfaceOrientationPortrait UIInterfaceOrientationLandscapeLeft UIInterfaceOrientationLandscapeRight";
				LD_RUNPATH_SEARCH_PATHS = (
					"$(inherited)",
					"@executable_path/Frameworks",
				);
				MARKETING_VERSION = 1.0;
				PRODUCT_BUNDLE_IDENTIFIER = com.nytimes.articles.ArticlesList;
				PRODUCT_NAME = "$(TARGET_NAME)";
				SWIFT_EMIT_LOC_STRINGS = YES;
				SWIFT_VERSION = 5.0;
				TARGETED_DEVICE_FAMILY = "1,2";
			};
			name = Debug;
		};
		528F5F932C6E711400A75A84 /* Release */ = {
			isa = XCBuildConfiguration;
			buildSettings = {
				ASSETCATALOG_COMPILER_APPICON_NAME = AppIcon;
				ASSETCATALOG_COMPILER_GLOBAL_ACCENT_COLOR_NAME = AccentColor;
				CODE_SIGN_STYLE = Automatic;
				CURRENT_PROJECT_VERSION = 1;
				GENERATE_INFOPLIST_FILE = YES;
				INFOPLIST_FILE = ArticlesList/Info.plist;
				INFOPLIST_KEY_UIApplicationSupportsIndirectInputEvents = YES;
				INFOPLIST_KEY_UILaunchStoryboardName = LaunchScreen;
				INFOPLIST_KEY_UIMainStoryboardFile = Main;
				INFOPLIST_KEY_UISupportedInterfaceOrientations_iPad = "UIInterfaceOrientationPortrait UIInterfaceOrientationPortraitUpsideDown UIInterfaceOrientationLandscapeLeft UIInterfaceOrientationLandscapeRight";
				INFOPLIST_KEY_UISupportedInterfaceOrientations_iPhone = "UIInterfaceOrientationPortrait UIInterfaceOrientationLandscapeLeft UIInterfaceOrientationLandscapeRight";
				LD_RUNPATH_SEARCH_PATHS = (
					"$(inherited)",
					"@executable_path/Frameworks",
				);
				MARKETING_VERSION = 1.0;
				PRODUCT_BUNDLE_IDENTIFIER = com.nytimes.articles.ArticlesList;
				PRODUCT_NAME = "$(TARGET_NAME)";
				SWIFT_EMIT_LOC_STRINGS = YES;
				SWIFT_VERSION = 5.0;
				TARGETED_DEVICE_FAMILY = "1,2";
			};
			name = Release;
		};
		528F5F952C6E711400A75A84 /* Debug */ = {
			isa = XCBuildConfiguration;
			buildSettings = {
				ALWAYS_EMBED_SWIFT_STANDARD_LIBRARIES = YES;
				BUNDLE_LOADER = "$(TEST_HOST)";
				CODE_SIGN_STYLE = Automatic;
				CURRENT_PROJECT_VERSION = 1;
				GENERATE_INFOPLIST_FILE = YES;
				IPHONEOS_DEPLOYMENT_TARGET = 17.4;
				MARKETING_VERSION = 1.0;
				PRODUCT_BUNDLE_IDENTIFIER = com.nytimes.articles.ArticlesListTests;
				PRODUCT_NAME = "$(TARGET_NAME)";
				SWIFT_EMIT_LOC_STRINGS = NO;
				SWIFT_VERSION = 5.0;
				TARGETED_DEVICE_FAMILY = "1,2";
				TEST_HOST = "$(BUILT_PRODUCTS_DIR)/ArticlesList.app/$(BUNDLE_EXECUTABLE_FOLDER_PATH)/ArticlesList";
			};
			name = Debug;
		};
		528F5F962C6E711400A75A84 /* Release */ = {
			isa = XCBuildConfiguration;
			buildSettings = {
				ALWAYS_EMBED_SWIFT_STANDARD_LIBRARIES = YES;
				BUNDLE_LOADER = "$(TEST_HOST)";
				CODE_SIGN_STYLE = Automatic;
				CURRENT_PROJECT_VERSION = 1;
				GENERATE_INFOPLIST_FILE = YES;
				IPHONEOS_DEPLOYMENT_TARGET = 17.4;
				MARKETING_VERSION = 1.0;
				PRODUCT_BUNDLE_IDENTIFIER = com.nytimes.articles.ArticlesListTests;
				PRODUCT_NAME = "$(TARGET_NAME)";
				SWIFT_EMIT_LOC_STRINGS = NO;
				SWIFT_VERSION = 5.0;
				TARGETED_DEVICE_FAMILY = "1,2";
				TEST_HOST = "$(BUILT_PRODUCTS_DIR)/ArticlesList.app/$(BUNDLE_EXECUTABLE_FOLDER_PATH)/ArticlesList";
			};
			name = Release;
		};
		528F5F982C6E711400A75A84 /* Debug */ = {
			isa = XCBuildConfiguration;
			buildSettings = {
				ALWAYS_EMBED_SWIFT_STANDARD_LIBRARIES = YES;
				CODE_SIGN_STYLE = Automatic;
				CURRENT_PROJECT_VERSION = 1;
				GENERATE_INFOPLIST_FILE = YES;
				MARKETING_VERSION = 1.0;
				PRODUCT_BUNDLE_IDENTIFIER = com.nytimes.articles.ArticlesListUITests;
				PRODUCT_NAME = "$(TARGET_NAME)";
				SWIFT_EMIT_LOC_STRINGS = NO;
				SWIFT_VERSION = 5.0;
				TARGETED_DEVICE_FAMILY = "1,2";
				TEST_TARGET_NAME = ArticlesList;
			};
			name = Debug;
		};
		528F5F992C6E711400A75A84 /* Release */ = {
			isa = XCBuildConfiguration;
			buildSettings = {
				ALWAYS_EMBED_SWIFT_STANDARD_LIBRARIES = YES;
				CODE_SIGN_STYLE = Automatic;
				CURRENT_PROJECT_VERSION = 1;
				GENERATE_INFOPLIST_FILE = YES;
				MARKETING_VERSION = 1.0;
				PRODUCT_BUNDLE_IDENTIFIER = com.nytimes.articles.ArticlesListUITests;
				PRODUCT_NAME = "$(TARGET_NAME)";
				SWIFT_EMIT_LOC_STRINGS = NO;
				SWIFT_VERSION = 5.0;
				TARGETED_DEVICE_FAMILY = "1,2";
				TEST_TARGET_NAME = ArticlesList;
			};
			name = Release;
		};
/* End XCBuildConfiguration section */

/* Begin XCConfigurationList section */
		528F5F622C6E711200A75A84 /* Build configuration list for PBXProject "ArticlesList" */ = {
			isa = XCConfigurationList;
			buildConfigurations = (
				528F5F8F2C6E711400A75A84 /* Debug */,
				528F5F902C6E711400A75A84 /* Release */,
			);
			defaultConfigurationIsVisible = 0;
			defaultConfigurationName = Release;
		};
		528F5F912C6E711400A75A84 /* Build configuration list for PBXNativeTarget "ArticlesList" */ = {
			isa = XCConfigurationList;
			buildConfigurations = (
				528F5F922C6E711400A75A84 /* Debug */,
				528F5F932C6E711400A75A84 /* Release */,
			);
			defaultConfigurationIsVisible = 0;
			defaultConfigurationName = Release;
		};
		528F5F942C6E711400A75A84 /* Build configuration list for PBXNativeTarget "ArticlesListTests" */ = {
			isa = XCConfigurationList;
			buildConfigurations = (
				528F5F952C6E711400A75A84 /* Debug */,
				528F5F962C6E711400A75A84 /* Release */,
			);
			defaultConfigurationIsVisible = 0;
			defaultConfigurationName = Release;
		};
		528F5F972C6E711400A75A84 /* Build configuration list for PBXNativeTarget "ArticlesListUITests" */ = {
			isa = XCConfigurationList;
			buildConfigurations = (
				528F5F982C6E711400A75A84 /* Debug */,
				528F5F992C6E711400A75A84 /* Release */,
			);
			defaultConfigurationIsVisible = 0;
			defaultConfigurationName = Release;
		};
/* End XCConfigurationList section */
	};
	rootObject = 528F5F5F2C6E711200A75A84 /* Project object */;
}
